github.com/PaulSonOfLars/gotgbot/v2 v2.0.0-beta13 h1:F4qg3Q9zHKKZTBKOPFdQLBFIq57zsqqoIU87B4AeVR0=
github.com/PaulSonOfLars/gotgbot/v2 v2.0.0-beta13/go.mod h1:r815fYWTudnU9JhtsJAxUtuV7QrSgKpChJkfTSMFpfg=
github.com/PaulSonOfLars/gotgbot/v2 v2.0.0-beta9 h1:cbh78t+DIWGdyZYg4AZprJexYp7LwBruww1UHEgzjMQ=
github.com/PaulSonOfLars/gotgbot/v2 v2.0.0-beta9/go.mod h1:r815fYWTudnU9JhtsJAxUtuV7QrSgKpChJkfTSMFpfg=
